
Microsoft Visual Studio Solution File, Format Version 11.00
# Visual Studio 2010
Project("{8BC9CEB8-8B4A-11D0-8D11-00A0C91BC942}") = "类arrayList", "类arrayList\类arrayList.vcxproj", "{194EAE9E-4247-40EF-BD91-903ECD272512}"
EndProject
Global
	GlobalSection(SolutionConfigurationPlatforms) = preSolution
		Debug|Win32 = Debug|Win32
		Release|Win32 = Release|Win32
	EndGlobalSection
	GlobalSection(ProjectConfigurationPlatforms) = postSolution
		{194EAE9E-4247-40EF-BD91-903ECD272512}.Debug|Win32.ActiveCfg = Debug|Win32
		{194EAE9E-4247-40EF-BD91-903ECD272512}.Debug|Win32.Build.0 = Debug|Win32
		{194EAE9E-4247-40EF-BD91-903ECD272512}.Release|Win32.ActiveCfg = Release|Win32
		{194EAE9E-4247-40EF-BD91-903ECD272512}.Release|Win32.Build.0 = Release|Win32
	EndGlobalSection
	GlobalSection(SolutionProperties) = preSolution
		HideSolutionNode = FALSE
	EndGlobalSection
EndGlobal
