
Microsoft Visual Studio Solution File, Format Version 11.00
# Visual Studio 2010
Project("{8BC9CEB8-8B4A-11D0-8D11-00A0C91BC942}") = "类arraystack", "类arraystack\类arraystack.vcxproj", "{4BE1A30F-2486-4C5D-93B6-6F4614F88F68}"
EndProject
Global
	GlobalSection(SolutionConfigurationPlatforms) = preSolution
		Debug|Win32 = Debug|Win32
		Release|Win32 = Release|Win32
	EndGlobalSection
	GlobalSection(ProjectConfigurationPlatforms) = postSolution
		{4BE1A30F-2486-4C5D-93B6-6F4614F88F68}.Debug|Win32.ActiveCfg = Debug|Win32
		{4BE1A30F-2486-4C5D-93B6-6F4614F88F68}.Debug|Win32.Build.0 = Debug|Win32
		{4BE1A30F-2486-4C5D-93B6-6F4614F88F68}.Release|Win32.ActiveCfg = Release|Win32
		{4BE1A30F-2486-4C5D-93B6-6F4614F88F68}.Release|Win32.Build.0 = Release|Win32
	EndGlobalSection
	GlobalSection(SolutionProperties) = preSolution
		HideSolutionNode = FALSE
	EndGlobalSection
EndGlobal
