
Microsoft Visual Studio Solution File, Format Version 11.00
# Visual Studio 2010
Project("{8BC9CEB8-8B4A-11D0-8D11-00A0C91BC942}") = "类linkedDigraph定制代码", "类linkedDigraph定制代码\类linkedDigraph定制代码.vcxproj", "{1321F893-56E7-44C8-8489-D9D9E919CE65}"
EndProject
Global
	GlobalSection(SolutionConfigurationPlatforms) = preSolution
		Debug|Win32 = Debug|Win32
		Release|Win32 = Release|Win32
	EndGlobalSection
	GlobalSection(ProjectConfigurationPlatforms) = postSolution
		{1321F893-56E7-44C8-8489-D9D9E919CE65}.Debug|Win32.ActiveCfg = Debug|Win32
		{1321F893-56E7-44C8-8489-D9D9E919CE65}.Debug|Win32.Build.0 = Debug|Win32
		{1321F893-56E7-44C8-8489-D9D9E919CE65}.Release|Win32.ActiveCfg = Release|Win32
		{1321F893-56E7-44C8-8489-D9D9E919CE65}.Release|Win32.Build.0 = Release|Win32
	EndGlobalSection
	GlobalSection(SolutionProperties) = preSolution
		HideSolutionNode = FALSE
	EndGlobalSection
EndGlobal
