
Microsoft Visual Studio Solution File, Format Version 11.00
# Visual Studio 2010
Project("{8BC9CEB8-8B4A-11D0-8D11-00A0C91BC942}") = "矩阵类matrix", "矩阵类matrix\矩阵类matrix.vcxproj", "{F0F909D7-EF52-415D-AAD6-37380F600CCE}"
EndProject
Global
	GlobalSection(SolutionConfigurationPlatforms) = preSolution
		Debug|Win32 = Debug|Win32
		Release|Win32 = Release|Win32
	EndGlobalSection
	GlobalSection(ProjectConfigurationPlatforms) = postSolution
		{F0F909D7-EF52-415D-AAD6-37380F600CCE}.Debug|Win32.ActiveCfg = Debug|Win32
		{F0F909D7-EF52-415D-AAD6-37380F600CCE}.Debug|Win32.Build.0 = Debug|Win32
		{F0F909D7-EF52-415D-AAD6-37380F600CCE}.Release|Win32.ActiveCfg = Release|Win32
		{F0F909D7-EF52-415D-AAD6-37380F600CCE}.Release|Win32.Build.0 = Release|Win32
	EndGlobalSection
	GlobalSection(SolutionProperties) = preSolution
		HideSolutionNode = FALSE
	EndGlobalSection
EndGlobal
