
Microsoft Visual Studio Solution File, Format Version 11.00
# Visual Studio 2010
Project("{8BC9CEB8-8B4A-11D0-8D11-00A0C91BC942}") = "及时终止的选择排序", "及时终止的选择排序\及时终止的选择排序.vcxproj", "{6C097DF2-46C9-4D16-97AD-6BEC24EB8788}"
EndProject
Global
	GlobalSection(SolutionConfigurationPlatforms) = preSolution
		Debug|Win32 = Debug|Win32
		Release|Win32 = Release|Win32
	EndGlobalSection
	GlobalSection(ProjectConfigurationPlatforms) = postSolution
		{6C097DF2-46C9-4D16-97AD-6BEC24EB8788}.Debug|Win32.ActiveCfg = Debug|Win32
		{6C097DF2-46C9-4D16-97AD-6BEC24EB8788}.Debug|Win32.Build.0 = Debug|Win32
		{6C097DF2-46C9-4D16-97AD-6BEC24EB8788}.Release|Win32.ActiveCfg = Release|Win32
		{6C097DF2-46C9-4D16-97AD-6BEC24EB8788}.Release|Win32.Build.0 = Release|Win32
	EndGlobalSection
	GlobalSection(SolutionProperties) = preSolution
		HideSolutionNode = FALSE
	EndGlobalSection
EndGlobal
