
Microsoft Visual Studio Solution File, Format Version 11.00
# Visual Studio 2010
Project("{8BC9CEB8-8B4A-11D0-8D11-00A0C91BC942}") = "中序遍历", "中序遍历\中序遍历.vcxproj", "{2D7A6869-EF38-4397-A37C-80E63A1F1253}"
EndProject
Global
	GlobalSection(SolutionConfigurationPlatforms) = preSolution
		Debug|Win32 = Debug|Win32
		Release|Win32 = Release|Win32
	EndGlobalSection
	GlobalSection(ProjectConfigurationPlatforms) = postSolution
		{2D7A6869-EF38-4397-A37C-80E63A1F1253}.Debug|Win32.ActiveCfg = Debug|Win32
		{2D7A6869-EF38-4397-A37C-80E63A1F1253}.Debug|Win32.Build.0 = Debug|Win32
		{2D7A6869-EF38-4397-A37C-80E63A1F1253}.Release|Win32.ActiveCfg = Release|Win32
		{2D7A6869-EF38-4397-A37C-80E63A1F1253}.Release|Win32.Build.0 = Release|Win32
	EndGlobalSection
	GlobalSection(SolutionProperties) = preSolution
		HideSolutionNode = FALSE
	EndGlobalSection
EndGlobal
